
Microsoft Visual Studio Solution File, Format Version 12.00
# Visual Studio 14
VisualStudioVersion = 14.0.25420.1
MinimumVisualStudioVersion = 10.0.40219.1
Project("{D954291E-2A0B-460D-934E-DC6B0785DB48}") = "MyFavoriteRestaurants", "MyFavoriteRestaurants\MyFavoriteRestaurants\MyFavoriteRestaurants.shproj", "{DBE0EC7F-AFCF-4AE1-9032-E6C74BA95D81}"
EndProject
Project("{FAE04EC0-301F-11D3-BF4B-00C04F79EFBC}") = "MyFavoriteRestaurants.Android", "MyFavoriteRestaurants\MyFavoriteRestaurants.Android\MyFavoriteRestaurants.Android.csproj", "{6AC12A52-50B5-4601-A5DF-8B419EBD195F}"
EndProject
Project("{FAE04EC0-301F-11D3-BF4B-00C04F79EFBC}") = "MyFavoriteRestaurants.iOS", "MyFavoriteRestaurants\MyFavoriteRestaurants.iOS\MyFavoriteRestaurants.iOS.csproj", "{831929A0-714F-4F2F-BF7B-A50F8ACC6DD7}"
EndProject
Project("{FAE04EC0-301F-11D3-BF4B-00C04F79EFBC}") = "DLL", "DLL\DLL.csproj", "{67F9D3A8-F71E-4428-913F-C37AE82CDB24}"
EndProject
Global
	GlobalSection(SharedMSBuildProjectFiles) = preSolution
		MyFavoriteRestaurants\MyFavoriteRestaurants\MyFavoriteRestaurants.projitems*{6ac12a52-50b5-4601-a5df-8b419ebd195f}*SharedItemsImports = 4
		MyFavoriteRestaurants\MyFavoriteRestaurants\MyFavoriteRestaurants.projitems*{831929a0-714f-4f2f-bf7b-a50f8acc6dd7}*SharedItemsImports = 4
		MyFavoriteRestaurants\MyFavoriteRestaurants\MyFavoriteRestaurants.projitems*{dbe0ec7f-afcf-4ae1-9032-e6c74ba95d81}*SharedItemsImports = 13
	EndGlobalSection
	GlobalSection(SolutionConfigurationPlatforms) = preSolution
		Ad-Hoc|Any CPU = Ad-Hoc|Any CPU
		Ad-Hoc|iPhone = Ad-Hoc|iPhone
		Ad-Hoc|iPhoneSimulator = Ad-Hoc|iPhoneSimulator
		AppStore|Any CPU = AppStore|Any CPU
		AppStore|iPhone = AppStore|iPhone
		AppStore|iPhoneSimulator = AppStore|iPhoneSimulator
		Debug|Any CPU = Debug|Any CPU
		Debug|iPhone = Debug|iPhone
		Debug|iPhoneSimulator = Debug|iPhoneSimulator
		Release|Any CPU = Release|Any CPU
		Release|iPhone = Release|iPhone
		Release|iPhoneSimulator = Release|iPhoneSimulator
	EndGlobalSection
	GlobalSection(ProjectConfigurationPlatforms) = postSolution
		{6AC12A52-50B5-4601-A5DF-8B419EBD195F}.Ad-Hoc|Any CPU.ActiveCfg = Release|Any CPU
		{6AC12A52-50B5-4601-A5DF-8B419EBD195F}.Ad-Hoc|Any CPU.Build.0 = Release|Any CPU
		{6AC12A52-50B5-4601-A5DF-8B419EBD195F}.Ad-Hoc|Any CPU.Deploy.0 = Release|Any CPU
		{6AC12A52-50B5-4601-A5DF-8B419EBD195F}.Ad-Hoc|iPhone.ActiveCfg = Release|Any CPU
		{6AC12A52-50B5-4601-A5DF-8B419EBD195F}.Ad-Hoc|iPhone.Build.0 = Release|Any CPU
		{6AC12A52-50B5-4601-A5DF-8B419EBD195F}.Ad-Hoc|iPhone.Deploy.0 = Release|Any CPU
		{6AC12A52-50B5-4601-A5DF-8B419EBD195F}.Ad-Hoc|iPhoneSimulator.ActiveCfg = Release|Any CPU
		{6AC12A52-50B5-4601-A5DF-8B419EBD195F}.Ad-Hoc|iPhoneSimulator.Build.0 = Release|Any CPU
		{6AC12A52-50B5-4601-A5DF-8B419EBD195F}.Ad-Hoc|iPhoneSimulator.Deploy.0 = Release|Any CPU
		{6AC12A52-50B5-4601-A5DF-8B419EBD195F}.AppStore|Any CPU.ActiveCfg = Release|Any CPU
		{6AC12A52-50B5-4601-A5DF-8B419EBD195F}.AppStore|Any CPU.Build.0 = Release|Any CPU
		{6AC12A52-50B5-4601-A5DF-8B419EBD195F}.AppStore|Any CPU.Deploy.0 = Release|Any CPU
		{6AC12A52-50B5-4601-A5DF-8B419EBD195F}.AppStore|iPhone.ActiveCfg = Release|Any CPU
		{6AC12A52-50B5-4601-A5DF-8B419EBD195F}.AppStore|iPhone.Build.0 = Release|Any CPU
		{6AC12A52-50B5-4601-A5DF-8B419EBD195F}.AppStore|iPhone.Deploy.0 = Release|Any CPU
		{6AC12A52-50B5-4601-A5DF-8B419EBD195F}.AppStore|iPhoneSimulator.ActiveCfg = Release|Any CPU
		{6AC12A52-50B5-4601-A5DF-8B419EBD195F}.AppStore|iPhoneSimulator.Build.0 = Release|Any CPU
		{6AC12A52-50B5-4601-A5DF-8B419EBD195F}.AppStore|iPhoneSimulator.Deploy.0 = Release|Any CPU
		{6AC12A52-50B5-4601-A5DF-8B419EBD195F}.Debug|Any CPU.ActiveCfg = Debug|Any CPU
		{6AC12A52-50B5-4601-A5DF-8B419EBD195F}.Debug|Any CPU.Build.0 = Debug|Any CPU
		{6AC12A52-50B5-4601-A5DF-8B419EBD195F}.Debug|Any CPU.Deploy.0 = Debug|Any CPU
		{6AC12A52-50B5-4601-A5DF-8B419EBD195F}.Debug|iPhone.ActiveCfg = Debug|Any CPU
		{6AC12A52-50B5-4601-A5DF-8B419EBD195F}.Debug|iPhone.Build.0 = Debug|Any CPU
		{6AC12A52-50B5-4601-A5DF-8B419EBD195F}.Debug|iPhone.Deploy.0 = Debug|Any CPU
		{6AC12A52-50B5-4601-A5DF-8B419EBD195F}.Debug|iPhoneSimulator.ActiveCfg = Debug|Any CPU
		{6AC12A52-50B5-4601-A5DF-8B419EBD195F}.Debug|iPhoneSimulator.Build.0 = Debug|Any CPU
		{6AC12A52-50B5-4601-A5DF-8B419EBD195F}.Debug|iPhoneSimulator.Deploy.0 = Debug|Any CPU
		{6AC12A52-50B5-4601-A5DF-8B419EBD195F}.Release|Any CPU.ActiveCfg = Release|Any CPU
		{6AC12A52-50B5-4601-A5DF-8B419EBD195F}.Release|Any CPU.Build.0 = Release|Any CPU
		{6AC12A52-50B5-4601-A5DF-8B419EBD195F}.Release|Any CPU.Deploy.0 = Release|Any CPU
		{6AC12A52-50B5-4601-A5DF-8B419EBD195F}.Release|iPhone.ActiveCfg = Release|Any CPU
		{6AC12A52-50B5-4601-A5DF-8B419EBD195F}.Release|iPhone.Build.0 = Release|Any CPU
		{6AC12A52-50B5-4601-A5DF-8B419EBD195F}.Release|iPhone.Deploy.0 = Release|Any CPU
		{6AC12A52-50B5-4601-A5DF-8B419EBD195F}.Release|iPhoneSimulator.ActiveCfg = Release|Any CPU
		{6AC12A52-50B5-4601-A5DF-8B419EBD195F}.Release|iPhoneSimulator.Build.0 = Release|Any CPU
		{6AC12A52-50B5-4601-A5DF-8B419EBD195F}.Release|iPhoneSimulator.Deploy.0 = Release|Any CPU
		{831929A0-714F-4F2F-BF7B-A50F8ACC6DD7}.Ad-Hoc|Any CPU.ActiveCfg = Ad-Hoc|iPhone
		{831929A0-714F-4F2F-BF7B-A50F8ACC6DD7}.Ad-Hoc|iPhone.ActiveCfg = Ad-Hoc|iPhone
		{831929A0-714F-4F2F-BF7B-A50F8ACC6DD7}.Ad-Hoc|iPhone.Build.0 = Ad-Hoc|iPhone
		{831929A0-714F-4F2F-BF7B-A50F8ACC6DD7}.Ad-Hoc|iPhoneSimulator.ActiveCfg = Ad-Hoc|iPhoneSimulator
		{831929A0-714F-4F2F-BF7B-A50F8ACC6DD7}.Ad-Hoc|iPhoneSimulator.Build.0 = Ad-Hoc|iPhoneSimulator
		{831929A0-714F-4F2F-BF7B-A50F8ACC6DD7}.AppStore|Any CPU.ActiveCfg = AppStore|iPhone
		{831929A0-714F-4F2F-BF7B-A50F8ACC6DD7}.AppStore|iPhone.ActiveCfg = AppStore|iPhone
		{831929A0-714F-4F2F-BF7B-A50F8ACC6DD7}.AppStore|iPhone.Build.0 = AppStore|iPhone
		{831929A0-714F-4F2F-BF7B-A50F8ACC6DD7}.AppStore|iPhoneSimulator.ActiveCfg = AppStore|iPhoneSimulator
		{831929A0-714F-4F2F-BF7B-A50F8ACC6DD7}.AppStore|iPhoneSimulator.Build.0 = AppStore|iPhoneSimulator
		{831929A0-714F-4F2F-BF7B-A50F8ACC6DD7}.Debug|Any CPU.ActiveCfg = Debug|iPhone
		{831929A0-714F-4F2F-BF7B-A50F8ACC6DD7}.Debug|iPhone.ActiveCfg = Debug|iPhone
		{831929A0-714F-4F2F-BF7B-A50F8ACC6DD7}.Debug|iPhone.Build.0 = Debug|iPhone
		{831929A0-714F-4F2F-BF7B-A50F8ACC6DD7}.Debug|iPhoneSimulator.ActiveCfg = Debug|iPhoneSimulator
		{831929A0-714F-4F2F-BF7B-A50F8ACC6DD7}.Debug|iPhoneSimulator.Build.0 = Debug|iPhoneSimulator
		{831929A0-714F-4F2F-BF7B-A50F8ACC6DD7}.Release|Any CPU.ActiveCfg = Release|iPhone
		{831929A0-714F-4F2F-BF7B-A50F8ACC6DD7}.Release|iPhone.ActiveCfg = Release|iPhone
		{831929A0-714F-4F2F-BF7B-A50F8ACC6DD7}.Release|iPhone.Build.0 = Release|iPhone
		{831929A0-714F-4F2F-BF7B-A50F8ACC6DD7}.Release|iPhoneSimulator.ActiveCfg = Release|iPhoneSimulator
		{831929A0-714F-4F2F-BF7B-A50F8ACC6DD7}.Release|iPhoneSimulator.Build.0 = Release|iPhoneSimulator
		{67F9D3A8-F71E-4428-913F-C37AE82CDB24}.Ad-Hoc|Any CPU.ActiveCfg = Release|Any CPU
		{67F9D3A8-F71E-4428-913F-C37AE82CDB24}.Ad-Hoc|Any CPU.Build.0 = Release|Any CPU
		{67F9D3A8-F71E-4428-913F-C37AE82CDB24}.Ad-Hoc|iPhone.ActiveCfg = Release|Any CPU
		{67F9D3A8-F71E-4428-913F-C37AE82CDB24}.Ad-Hoc|iPhone.Build.0 = Release|Any CPU
		{67F9D3A8-F71E-4428-913F-C37AE82CDB24}.Ad-Hoc|iPhoneSimulator.ActiveCfg = Release|Any CPU
		{67F9D3A8-F71E-4428-913F-C37AE82CDB24}.Ad-Hoc|iPhoneSimulator.Build.0 = Release|Any CPU
		{67F9D3A8-F71E-4428-913F-C37AE82CDB24}.AppStore|Any CPU.ActiveCfg = Release|Any CPU
		{67F9D3A8-F71E-4428-913F-C37AE82CDB24}.AppStore|Any CPU.Build.0 = Release|Any CPU
		{67F9D3A8-F71E-4428-913F-C37AE82CDB24}.AppStore|iPhone.ActiveCfg = Release|Any CPU
		{67F9D3A8-F71E-4428-913F-C37AE82CDB24}.AppStore|iPhone.Build.0 = Release|Any CPU
		{67F9D3A8-F71E-4428-913F-C37AE82CDB24}.AppStore|iPhoneSimulator.ActiveCfg = Release|Any CPU
		{67F9D3A8-F71E-4428-913F-C37AE82CDB24}.AppStore|iPhoneSimulator.Build.0 = Release|Any CPU
		{67F9D3A8-F71E-4428-913F-C37AE82CDB24}.Debug|Any CPU.ActiveCfg = Debug|Any CPU
		{67F9D3A8-F71E-4428-913F-C37AE82CDB24}.Debug|Any CPU.Build.0 = Debug|Any CPU
		{67F9D3A8-F71E-4428-913F-C37AE82CDB24}.Debug|iPhone.ActiveCfg = Debug|Any CPU
		{67F9D3A8-F71E-4428-913F-C37AE82CDB24}.Debug|iPhone.Build.0 = Debug|Any CPU
		{67F9D3A8-F71E-4428-913F-C37AE82CDB24}.Debug|iPhoneSimulator.ActiveCfg = Debug|Any CPU
		{67F9D3A8-F71E-4428-913F-C37AE82CDB24}.Debug|iPhoneSimulator.Build.0 = Debug|Any CPU
		{67F9D3A8-F71E-4428-913F-C37AE82CDB24}.Release|Any CPU.ActiveCfg = Release|Any CPU
		{67F9D3A8-F71E-4428-913F-C37AE82CDB24}.Release|Any CPU.Build.0 = Release|Any CPU
		{67F9D3A8-F71E-4428-913F-C37AE82CDB24}.Release|iPhone.ActiveCfg = Release|Any CPU
		{67F9D3A8-F71E-4428-913F-C37AE82CDB24}.Release|iPhone.Build.0 = Release|Any CPU
		{67F9D3A8-F71E-4428-913F-C37AE82CDB24}.Release|iPhoneSimulator.ActiveCfg = Release|Any CPU
		{67F9D3A8-F71E-4428-913F-C37AE82CDB24}.Release|iPhoneSimulator.Build.0 = Release|Any CPU
	EndGlobalSection
	GlobalSection(SolutionProperties) = preSolution
		HideSolutionNode = FALSE
	EndGlobalSection
EndGlobal
